<?xml version="1.0" encoding="utf-8"?>
<Project ToolsVersion="4.0" xmlns="http://schemas.microsoft.com/developer/msbuild/2003">
  <ItemGroup>
    <Filter Include="Source Files">
      <UniqueIdentifier>{4FC737F1-C7A5-4376-A066-2A32D752A2FF}</UniqueIdentifier>
      <Extensions>cpp;c;cc;cxx;def;odl;idl;hpj;bat;asm;asmx</Extensions>
    </Filter>
    <Filter Include="Header Files">
      <UniqueIdentifier>{93995380-89BD-4b04-88EB-625FBE52EBFB}</UniqueIdentifier>
      <Extensions>h;hh;hpp;hxx;hm;inl;inc;xsd</Extensions>
    </Filter>
    <Filter Include="Resource Files">
      <UniqueIdentifier>{67DA6AB6-F800-4c08-8B7A-83BB121AAD01}</UniqueIdentifier>
      <Extensions>rc;ico;cur;bmp;dlg;rc2;rct;bin;rgs;gif;jpg;jpeg;jpe;resx;tiff;tif;png;wav;mfcribbon-ms</Extensions>
    </Filter>
    <Filter Include="include">
      <UniqueIdentifier>{11774b04-680d-4e7e-9ab5-0726af88e30f}</UniqueIdentifier>
    </Filter>
    <Filter Include="include\zbar">
      <UniqueIdentifier>{ddb80da5-5d8c-4340-bd7e-e7770a4c4843}</UniqueIdentifier>
    </Filter>
    <Filter Include="Header Files\decoder">
      <UniqueIdentifier>{daea3092-82d3-45b7-82ef-1348b5f60ed2}</UniqueIdentifier>
    </Filter>
    <Filter Include="Source Files\decoder">
      <UniqueIdentifier>{682ddeb9-9e09-4031-9a90-22c050328000}</UniqueIdentifier>
    </Filter>
    <Filter Include="Header Files\qrcode">
      <UniqueIdentifier>{b8a52c17-685a-4384-8887-ecfa935784bb}</UniqueIdentifier>
    </Filter>
    <Filter Include="Source Files\qrcode">
      <UniqueIdentifier>{0ea3a2bb-6cd8-4b46-b176-4e5c999356c4}</UniqueIdentifier>
    </Filter>
    <Filter Include="Source Files\processor">
      <UniqueIdentifier>{eccb688f-f55e-4791-95cc-d08d155b6aa3}</UniqueIdentifier>
    </Filter>
  </ItemGroup>
  <ItemGroup>
    <ClCompile Include=".\zbar\config.c">
      <Filter>Source Files</Filter>
    </ClCompile>
    <ClCompile Include=".\zbar\convert.c">
      <Filter>Source Files</Filter>
    </ClCompile>
    <ClCompile Include=".\zbar\decoder.c">
      <Filter>Source Files</Filter>
    </ClCompile>
    <ClCompile Include=".\zbar\error.c">
      <Filter>Source Files</Filter>
    </ClCompile>
    <ClCompile Include=".\zbar\image.c">
      <Filter>Source Files</Filter>
    </ClCompile>
    <ClCompile Include=".\zbar\img_scanner.c">
      <Filter>Source Files</Filter>
    </ClCompile>
    <ClCompile Include=".\zbar\processor.c">
      <Filter>Source Files</Filter>
    </ClCompile>
    <ClCompile Include=".\zbar\refcnt.c">
      <Filter>Source Files</Filter>
    </ClCompile>
    <ClCompile Include=".\zbar\scanner.c">
      <Filter>Source Files</Filter>
    </ClCompile>
    <ClCompile Include=".\zbar\symbol.c">
      <Filter>Source Files</Filter>
    </ClCompile>
    <ClCompile Include=".\zbar\decoder\code39.c">
      <Filter>Source Files\decoder</Filter>
    </ClCompile>
    <ClCompile Include=".\zbar\decoder\code128.c">
      <Filter>Source Files\decoder</Filter>
    </ClCompile>
    <ClCompile Include=".\zbar\decoder\ean.c">
      <Filter>Source Files\decoder</Filter>
    </ClCompile>
    <ClCompile Include=".\zbar\decoder\i25.c">
      <Filter>Source Files\decoder</Filter>
    </ClCompile>
    <ClCompile Include=".\zbar\decoder\pdf417.c">
      <Filter>Source Files\decoder</Filter>
    </ClCompile>
    <ClCompile Include=".\zbar\decoder\qr_finder.c">
      <Filter>Source Files\decoder</Filter>
    </ClCompile>
    <ClCompile Include=".\zbar\qrcode\bch15_5.c">
      <Filter>Source Files\qrcode</Filter>
    </ClCompile>
    <ClCompile Include=".\zbar\qrcode\binarize.c">
      <Filter>Source Files\qrcode</Filter>
    </ClCompile>
    <ClCompile Include=".\zbar\qrcode\isaac.c">
      <Filter>Source Files\qrcode</Filter>
    </ClCompile>
    <ClCompile Include=".\zbar\qrcode\qrdec.c">
      <Filter>Source Files\qrcode</Filter>
    </ClCompile>
    <ClCompile Include=".\zbar\qrcode\qrdectxt.c">
      <Filter>Source Files\qrcode</Filter>
    </ClCompile>
    <ClCompile Include=".\zbar\qrcode\rs.c">
      <Filter>Source Files\qrcode</Filter>
    </ClCompile>
    <ClCompile Include=".\zbar\qrcode\util.c">
      <Filter>Source Files\qrcode</Filter>
    </ClCompile>
    <ClCompile Include="zbar\processor\lock.c">
      <Filter>Source Files\processor</Filter>
    </ClCompile>
    <ClCompile Include="zbar\processor\win.c">
      <Filter>Source Files\processor</Filter>
    </ClCompile>
    <ClCompile Include="zbar\decoder\codabar.c">
      <Filter>Source Files\decoder</Filter>
    </ClCompile>
    <ClCompile Include="zbar\decoder\code93.c">
      <Filter>Source Files\decoder</Filter>
    </ClCompile>
    <ClCompile Include="zbar\decoder\databar.c">
      <Filter>Source Files\decoder</Filter>
    </ClCompile>
  </ItemGroup>
  <ItemGroup>
    <ClInclude Include=".\zbar\debug.h">
      <Filter>Header Files</Filter>
    </ClInclude>
    <ClInclude Include=".\zbar\decoder.h">
      <Filter>Header Files</Filter>
    </ClInclude>
    <ClInclude Include=".\zbar\error.h">
      <Filter>Header Files</Filter>
    </ClInclude>
    <ClInclude Include=".\zbar\event.h">
      <Filter>Header Files</Filter>
    </ClInclude>
    <ClInclude Include=".\zbar\image.h">
      <Filter>Header Files</Filter>
    </ClInclude>
    <ClInclude Include=".\zbar\img_scanner.h">
      <Filter>Header Files</Filter>
    </ClInclude>
    <ClInclude Include=".\zbar\mutex.h">
      <Filter>Header Files</Filter>
    </ClInclude>
    <ClInclude Include=".\zbar\processor.h">
      <Filter>Header Files</Filter>
    </ClInclude>
    <ClInclude Include=".\zbar\qrcode.h">
      <Filter>Header Files</Filter>
    </ClInclude>
    <ClInclude Include=".\zbar\refcnt.h">
      <Filter>Header Files</Filter>
    </ClInclude>
    <ClInclude Include=".\zbar\symbol.h">
      <Filter>Header Files</Filter>
    </ClInclude>
    <ClInclude Include=".\zbar\thread.h">
      <Filter>Header Files</Filter>
    </ClInclude>
    <ClInclude Include=".\zbar\timer.h">
      <Filter>Header Files</Filter>
    </ClInclude>
    <ClInclude Include=".\zbar\decoder\code39.h">
      <Filter>Header Files\decoder</Filter>
    </ClInclude>
    <ClInclude Include=".\zbar\decoder\code128.h">
      <Filter>Header Files\decoder</Filter>
    </ClInclude>
    <ClInclude Include=".\zbar\decoder\ean.h">
      <Filter>Header Files\decoder</Filter>
    </ClInclude>
    <ClInclude Include=".\zbar\decoder\i25.h">
      <Filter>Header Files\decoder</Filter>
    </ClInclude>
    <ClInclude Include=".\zbar\decoder\pdf417.h">
      <Filter>Header Files\decoder</Filter>
    </ClInclude>
    <ClInclude Include=".\zbar\decoder\pdf417_hash.h">
      <Filter>Header Files\decoder</Filter>
    </ClInclude>
    <ClInclude Include=".\zbar\decoder\qr_finder.h">
      <Filter>Header Files\decoder</Filter>
    </ClInclude>
    <ClInclude Include=".\zbar\qrcode\bch15_5.h">
      <Filter>Header Files\qrcode</Filter>
    </ClInclude>
    <ClInclude Include=".\zbar\qrcode\binarize.h">
      <Filter>Header Files\qrcode</Filter>
    </ClInclude>
    <ClInclude Include=".\zbar\qrcode\isaac.h">
      <Filter>Header Files\qrcode</Filter>
    </ClInclude>
    <ClInclude Include=".\zbar\qrcode\qrdec.h">
      <Filter>Header Files\qrcode</Filter>
    </ClInclude>
    <ClInclude Include=".\zbar\qrcode\rs.h">
      <Filter>Header Files\qrcode</Filter>
    </ClInclude>
    <ClInclude Include=".\zbar\qrcode\util.h">
      <Filter>Header Files\qrcode</Filter>
    </ClInclude>
    <ClInclude Include=".\include\config.h">
      <Filter>include</Filter>
    </ClInclude>
    <ClInclude Include=".\include\zbar.h">
      <Filter>include</Filter>
    </ClInclude>
    <ClInclude Include=".\include\zbar\Decoder.h">
      <Filter>include\zbar</Filter>
    </ClInclude>
    <ClInclude Include=".\include\zbar\Exception.h">
      <Filter>include\zbar</Filter>
    </ClInclude>
    <ClInclude Include=".\include\zbar\Image.h">
      <Filter>include\zbar</Filter>
    </ClInclude>
    <ClInclude Include=".\include\zbar\ImageScanner.h">
      <Filter>include\zbar</Filter>
    </ClInclude>
    <ClInclude Include=".\include\zbar\Processor.h">
      <Filter>include\zbar</Filter>
    </ClInclude>
    <ClInclude Include=".\include\zbar\QZBar.h">
      <Filter>include\zbar</Filter>
    </ClInclude>
    <ClInclude Include=".\include\zbar\QZBarImage.h">
      <Filter>include\zbar</Filter>
    </ClInclude>
    <ClInclude Include=".\include\zbar\Scanner.h">
      <Filter>include\zbar</Filter>
    </ClInclude>
    <ClInclude Include=".\include\zbar\Symbol.h">
      <Filter>include\zbar</Filter>
    </ClInclude>
    <ClInclude Include=".\include\zbar\Video.h">
      <Filter>include\zbar</Filter>
    </ClInclude>
    <ClInclude Include=".\include\zbar\zbargtk.h">
      <Filter>include\zbar</Filter>
    </ClInclude>
    <ClInclude Include="zbar\svg.h">
      <Filter>Source Files</Filter>
    </ClInclude>
    <ClInclude Include="zbar\unistd.h">
      <Filter>Header Files</Filter>
    </ClInclude>
    <ClInclude Include="zbar\decoder\codabar.h">
      <Filter>Header Files\decoder</Filter>
    </ClInclude>
    <ClInclude Include="zbar\decoder\code93.h">
      <Filter>Header Files\decoder</Filter>
    </ClInclude>
    <ClInclude Include="zbar\decoder\databar.h">
      <Filter>Header Files\decoder</Filter>
    </ClInclude>
    <ClInclude Include="include\zbar\Window.h">
      <Filter>include\zbar</Filter>
    </ClInclude>
    <ClInclude Include="zbar\video.h">
      <Filter>Header Files</Filter>
    </ClInclude>
  </ItemGroup>
  <ItemGroup>
    <ResourceCompile Include=".\zbar\libzbar.rc">
      <Filter>Resource Files</Filter>
    </ResourceCompile>
  </ItemGroup>
  <ItemGroup>
    <Image Include=".\zbar\zbar.ico">
      <Filter>Resource Files</Filter>
    </Image>
  </ItemGroup>
  <ItemGroup>
    <None Include="zbar\libzbar-0.def">
      <Filter>Source Files</Filter>
    </None>
  </ItemGroup>
</Project>