// !$*UTF8*$!
{
	archiveVersion = 1;
	classes = {
	};
	objectVersion = 45;
	objects = {

/* Begin PBXBuildFile section */
		1D60589F0D05DD5A006BFB54 /* Foundation.framework in Frameworks */ = {isa = PBXBuildFile; fileRef = 1D30AB110D05D00D00671497 /* Foundation.framework */; };
		1DF5F4E00D08C38300B7A737 /* UIKit.framework in Frameworks */ = {isa = PBXBuildFile; fileRef = 1DF5F4DF0D08C38300B7A737 /* UIKit.framework */; };
		288765FD0DF74451002DB57D /* CoreGraphics.framework in Frameworks */ = {isa = PBXBuildFile; fileRef = 288765FC0DF74451002DB57D /* CoreGraphics.framework */; };
		DC0BB57D10B124EB000448CB /* zbar-helpicons.png in Resources */ = {isa = PBXBuildFile; fileRef = DC0BB57B10B124EB000448CB /* zbar-helpicons.png */; };
		DC1C8DED10DAAEBA004C0F9E /* entitlements.plist in Resources */ = {isa = PBXBuildFile; fileRef = DC1C8DEC10DAAEBA004C0F9E /* entitlements.plist */; };
		DC7E3325113DA00200E67FB8 /* zbar-help.html in Resources */ = {isa = PBXBuildFile; fileRef = DC7E3324113DA00200E67FB8 /* zbar-help.html */; };
		DC7E3337113DAEE700E67FB8 /* back.png in Resources */ = {isa = PBXBuildFile; fileRef = DC7E3336113DAEE700E67FB8 /* back.png */; };
		DC7E33EA113EA95800E67FB8 /* zbar-samples.png in Resources */ = {isa = PBXBuildFile; fileRef = DC7E33E9113EA95800E67FB8 /* zbar-samples.png */; };
		DCB9118510BC5DA200B907F0 /* QuartzCore.framework in Frameworks */ = {isa = PBXBuildFile; fileRef = DCB9118410BC5DA200B907F0 /* QuartzCore.framework */; };
		DCB9118810BC5DB500B907F0 /* libiconv.dylib in Frameworks */ = {isa = PBXBuildFile; fileRef = DCD6E13B10B0AFD4002005CD /* libiconv.dylib */; };
		DCB9119B10BC5DCB00B907F0 /* libzbar.a in Frameworks */ = {isa = PBXBuildFile; fileRef = DCD6E0E610B0AE16002005CD /* libzbar.a */; };
		DCD6E0D010B0AD41002005CD /* readertest.m in Sources */ = {isa = PBXBuildFile; fileRef = DCD6E0CF10B0AD41002005CD /* readertest.m */; };
		DCDC6D9B11ACA23000021380 /* CoreVideo.framework in Frameworks */ = {isa = PBXBuildFile; fileRef = DCDC6D9A11ACA23000021380 /* CoreVideo.framework */; };
		DCDC6D9F11ACA23900021380 /* CoreMedia.framework in Frameworks */ = {isa = PBXBuildFile; fileRef = DCDC6D9E11ACA23900021380 /* CoreMedia.framework */; };
		DCDC6DEC11ACA5B400021380 /* AVFoundation.framework in Frameworks */ = {isa = PBXBuildFile; fileRef = DCDC6DEB11ACA5B400021380 /* AVFoundation.framework */; };
/* End PBXBuildFile section */

/* Begin PBXContainerItemProxy section */
		DCD6E0E510B0AE16002005CD /* PBXContainerItemProxy */ = {
			isa = PBXContainerItemProxy;
			containerPortal = DCD6E0DE10B0AE16002005CD /* zbar.xcodeproj */;
			proxyType = 2;
			remoteGlobalIDString = D2AAC07E0554694100DB518D;
			remoteInfo = zbar;
		};
		DCD6E11810B0AE7B002005CD /* PBXContainerItemProxy */ = {
			isa = PBXContainerItemProxy;
			containerPortal = DCD6E0DE10B0AE16002005CD /* zbar.xcodeproj */;
			proxyType = 1;
			remoteGlobalIDString = D2AAC07D0554694100DB518D;
			remoteInfo = zbar;
		};
/* End PBXContainerItemProxy section */

/* Begin PBXFileReference section */
		1D30AB110D05D00D00671497 /* Foundation.framework */ = {isa = PBXFileReference; lastKnownFileType = wrapper.framework; name = Foundation.framework; path = System/Library/Frameworks/Foundation.framework; sourceTree = SDKROOT; };
		1D6058910D05DD3D006BFB54 /* readertest.app */ = {isa = PBXFileReference; explicitFileType = wrapper.application; includeInIndex = 0; path = readertest.app; sourceTree = BUILT_PRODUCTS_DIR; };
		1DF5F4DF0D08C38300B7A737 /* UIKit.framework */ = {isa = PBXFileReference; lastKnownFileType = wrapper.framework; name = UIKit.framework; path = System/Library/Frameworks/UIKit.framework; sourceTree = SDKROOT; };
		288765FC0DF74451002DB57D /* CoreGraphics.framework */ = {isa = PBXFileReference; lastKnownFileType = wrapper.framework; name = CoreGraphics.framework; path = System/Library/Frameworks/CoreGraphics.framework; sourceTree = SDKROOT; };
		DC0BB57B10B124EB000448CB /* zbar-helpicons.png */ = {isa = PBXFileReference; lastKnownFileType = image.png; name = "zbar-helpicons.png"; path = "../../iphone/res/zbar-helpicons.png"; sourceTree = SOURCE_ROOT; };
		DC1C8DEC10DAAEBA004C0F9E /* entitlements.plist */ = {isa = PBXFileReference; fileEncoding = 4; lastKnownFileType = text.plist.xml; path = entitlements.plist; sourceTree = "<group>"; };
		DC7E3324113DA00200E67FB8 /* zbar-help.html */ = {isa = PBXFileReference; fileEncoding = 4; lastKnownFileType = text.html; name = "zbar-help.html"; path = "../../iphone/res/zbar-help.html"; sourceTree = SOURCE_ROOT; };
		DC7E3336113DAEE700E67FB8 /* back.png */ = {isa = PBXFileReference; lastKnownFileType = image.png; name = back.png; path = ../../iphone/res/back.png; sourceTree = SOURCE_ROOT; };
		DC7E33E9113EA95800E67FB8 /* zbar-samples.png */ = {isa = PBXFileReference; lastKnownFileType = image.png; name = "zbar-samples.png"; path = "../../iphone/res/zbar-samples.png"; sourceTree = SOURCE_ROOT; };
		DCB9118410BC5DA200B907F0 /* QuartzCore.framework */ = {isa = PBXFileReference; lastKnownFileType = wrapper.framework; name = QuartzCore.framework; path = System/Library/Frameworks/QuartzCore.framework; sourceTree = SDKROOT; };
		DCD6E0CE10B0AD41002005CD /* prefix.pch */ = {isa = PBXFileReference; fileEncoding = 4; lastKnownFileType = sourcecode.c.h; path = prefix.pch; sourceTree = "<group>"; };
		DCD6E0CF10B0AD41002005CD /* readertest.m */ = {isa = PBXFileReference; fileEncoding = 4; lastKnownFileType = sourcecode.c.objc; path = readertest.m; sourceTree = "<group>"; };
		DCD6E0D810B0AD55002005CD /* readertest.plist */ = {isa = PBXFileReference; explicitFileType = text.plist.info; fileEncoding = 4; path = readertest.plist; sourceTree = "<group>"; };
		DCD6E0DE10B0AE16002005CD /* zbar.xcodeproj */ = {isa = PBXFileReference; lastKnownFileType = "wrapper.pb-project"; name = zbar.xcodeproj; path = ../../iphone/zbar.xcodeproj; sourceTree = SOURCE_ROOT; };
		DCD6E13B10B0AFD4002005CD /* libiconv.dylib */ = {isa = PBXFileReference; lastKnownFileType = "compiled.mach-o.dylib"; name = libiconv.dylib; path = usr/lib/libiconv.dylib; sourceTree = SDKROOT; };
		DCDC6D9A11ACA23000021380 /* CoreVideo.framework */ = {isa = PBXFileReference; lastKnownFileType = wrapper.framework; name = CoreVideo.framework; path = System/Library/Frameworks/CoreVideo.framework; sourceTree = SDKROOT; };
		DCDC6D9E11ACA23900021380 /* CoreMedia.framework */ = {isa = PBXFileReference; lastKnownFileType = wrapper.framework; name = CoreMedia.framework; path = System/Library/Frameworks/CoreMedia.framework; sourceTree = SDKROOT; };
		DCDC6DEB11ACA5B400021380 /* AVFoundation.framework */ = {isa = PBXFileReference; lastKnownFileType = wrapper.framework; name = AVFoundation.framework; path = System/Library/Frameworks/AVFoundation.framework; sourceTree = SDKROOT; };
/* End PBXFileReference section */

/* Begin PBXFrameworksBuildPhase section */
		1D60588F0D05DD3D006BFB54 /* Frameworks */ = {
			isa = PBXFrameworksBuildPhase;
			buildActionMask = 2147483647;
			files = (
				1D60589F0D05DD5A006BFB54 /* Foundation.framework in Frameworks */,
				1DF5F4E00D08C38300B7A737 /* UIKit.framework in Frameworks */,
				288765FD0DF74451002DB57D /* CoreGraphics.framework in Frameworks */,
				DCB9118510BC5DA200B907F0 /* QuartzCore.framework in Frameworks */,
				DCB9118810BC5DB500B907F0 /* libiconv.dylib in Frameworks */,
				DCB9119B10BC5DCB00B907F0 /* libzbar.a in Frameworks */,
				DCDC6D9B11ACA23000021380 /* CoreVideo.framework in Frameworks */,
				DCDC6D9F11ACA23900021380 /* CoreMedia.framework in Frameworks */,
				DCDC6DEC11ACA5B400021380 /* AVFoundation.framework in Frameworks */,
			);
			runOnlyForDeploymentPostprocessing = 0;
		};
/* End PBXFrameworksBuildPhase section */

/* Begin PBXGroup section */
		19C28FACFE9D520D11CA2CBB /* Products */ = {
			isa = PBXGroup;
			children = (
				1D6058910D05DD3D006BFB54 /* readertest.app */,
			);
			name = Products;
			sourceTree = "<group>";
		};
		29B97314FDCFA39411CA2CEA /* CustomTemplate */ = {
			isa = PBXGroup;
			children = (
				DC1C8DEC10DAAEBA004C0F9E /* entitlements.plist */,
				DCD6E0CF10B0AD41002005CD /* readertest.m */,
				DCD6E0CE10B0AD41002005CD /* prefix.pch */,
				DCD6E0D810B0AD55002005CD /* readertest.plist */,
				DC7E3324113DA00200E67FB8 /* zbar-help.html */,
				DC0BB57B10B124EB000448CB /* zbar-helpicons.png */,
				DC7E33E9113EA95800E67FB8 /* zbar-samples.png */,
				DC7E3336113DAEE700E67FB8 /* back.png */,
				DCD6E0DE10B0AE16002005CD /* zbar.xcodeproj */,
				29B97323FDCFA39411CA2CEA /* Frameworks */,
				19C28FACFE9D520D11CA2CBB /* Products */,
			);
			name = CustomTemplate;
			sourceTree = "<group>";
		};
		29B97323FDCFA39411CA2CEA /* Frameworks */ = {
			isa = PBXGroup;
			children = (
				1DF5F4DF0D08C38300B7A737 /* UIKit.framework */,
				1D30AB110D05D00D00671497 /* Foundation.framework */,
				288765FC0DF74451002DB57D /* CoreGraphics.framework */,
				DCB9118410BC5DA200B907F0 /* QuartzCore.framework */,
				DCDC6DEB11ACA5B400021380 /* AVFoundation.framework */,
				DCDC6D9A11ACA23000021380 /* CoreVideo.framework */,
				DCDC6D9E11ACA23900021380 /* CoreMedia.framework */,
				DCD6E13B10B0AFD4002005CD /* libiconv.dylib */,
			);
			name = Frameworks;
			sourceTree = "<group>";
		};
		DCD6E0DF10B0AE16002005CD /* Products */ = {
			isa = PBXGroup;
			children = (
				DCD6E0E610B0AE16002005CD /* libzbar.a */,
			);
			name = Products;
			sourceTree = "<group>";
		};
/* End PBXGroup section */

/* Begin PBXNativeTarget section */
		1D6058900D05DD3D006BFB54 /* readertest */ = {
			isa = PBXNativeTarget;
			buildConfigurationList = 1D6058960D05DD3E006BFB54 /* Build configuration list for PBXNativeTarget "readertest" */;
			buildPhases = (
				1D60588D0D05DD3D006BFB54 /* Resources */,
				1D60588E0D05DD3D006BFB54 /* Sources */,
				1D60588F0D05DD3D006BFB54 /* Frameworks */,
			);
			buildRules = (
			);
			dependencies = (
				DCD6E11910B0AE7B002005CD /* PBXTargetDependency */,
			);
			name = readertest;
			productName = readertest;
			productReference = 1D6058910D05DD3D006BFB54 /* readertest.app */;
			productType = "com.apple.product-type.application";
		};
/* End PBXNativeTarget section */

/* Begin PBXProject section */
		29B97313FDCFA39411CA2CEA /* Project object */ = {
			isa = PBXProject;
			buildConfigurationList = C01FCF4E08A954540054247B /* Build configuration list for PBXProject "readertest" */;
			compatibilityVersion = "Xcode 3.1";
			hasScannedForEncodings = 1;
			mainGroup = 29B97314FDCFA39411CA2CEA /* CustomTemplate */;
			projectDirPath = "";
			projectReferences = (
				{
					ProductGroup = DCD6E0DF10B0AE16002005CD /* Products */;
					ProjectRef = DCD6E0DE10B0AE16002005CD /* zbar.xcodeproj */;
				},
			);
			projectRoot = "";
			targets = (
				1D6058900D05DD3D006BFB54 /* readertest */,
			);
		};
/* End PBXProject section */

/* Begin PBXReferenceProxy section */
		DCD6E0E610B0AE16002005CD /* libzbar.a */ = {
			isa = PBXReferenceProxy;
			fileType = archive.ar;
			path = libzbar.a;
			remoteRef = DCD6E0E510B0AE16002005CD /* PBXContainerItemProxy */;
			sourceTree = BUILT_PRODUCTS_DIR;
		};
/* End PBXReferenceProxy section */

/* Begin PBXResourcesBuildPhase section */
		1D60588D0D05DD3D006BFB54 /* Resources */ = {
			isa = PBXResourcesBuildPhase;
			buildActionMask = 2147483647;
			files = (
				DC0BB57D10B124EB000448CB /* zbar-helpicons.png in Resources */,
				DC1C8DED10DAAEBA004C0F9E /* entitlements.plist in Resources */,
				DC7E3325113DA00200E67FB8 /* zbar-help.html in Resources */,
				DC7E3337113DAEE700E67FB8 /* back.png in Resources */,
				DC7E33EA113EA95800E67FB8 /* zbar-samples.png in Resources */,
			);
			runOnlyForDeploymentPostprocessing = 0;
		};
/* End PBXResourcesBuildPhase section */

/* Begin PBXSourcesBuildPhase section */
		1D60588E0D05DD3D006BFB54 /* Sources */ = {
			isa = PBXSourcesBuildPhase;
			buildActionMask = 2147483647;
			files = (
				DCD6E0D010B0AD41002005CD /* readertest.m in Sources */,
			);
			runOnlyForDeploymentPostprocessing = 0;
		};
/* End PBXSourcesBuildPhase section */

/* Begin PBXTargetDependency section */
		DCD6E11910B0AE7B002005CD /* PBXTargetDependency */ = {
			isa = PBXTargetDependency;
			name = zbar;
			targetProxy = DCD6E11810B0AE7B002005CD /* PBXContainerItemProxy */;
		};
/* End PBXTargetDependency section */

/* Begin XCBuildConfiguration section */
		1D6058940D05DD3E006BFB54 /* Debug */ = {
			isa = XCBuildConfiguration;
			buildSettings = {
				ALWAYS_SEARCH_USER_PATHS = NO;
				COPY_PHASE_STRIP = NO;
				GCC_DYNAMIC_NO_PIC = NO;
				GCC_OPTIMIZATION_LEVEL = 0;
				GCC_PRECOMPILE_PREFIX_HEADER = YES;
				GCC_PREFIX_HEADER = prefix.pch;
				INFOPLIST_FILE = readertest.plist;
				PRODUCT_NAME = readertest;
			};
			name = Debug;
		};
		1D6058950D05DD3E006BFB54 /* Release */ = {
			isa = XCBuildConfiguration;
			buildSettings = {
				ALWAYS_SEARCH_USER_PATHS = NO;
				COPY_PHASE_STRIP = YES;
				GCC_PRECOMPILE_PREFIX_HEADER = YES;
				GCC_PREFIX_HEADER = prefix.pch;
				INFOPLIST_FILE = readertest.plist;
				PRODUCT_NAME = readertest;
			};
			name = Release;
		};
		C01FCF4F08A954540054247B /* Debug */ = {
			isa = XCBuildConfiguration;
			buildSettings = {
				ARCHS = "$(ARCHS_STANDARD_32_BIT)";
				"CODE_SIGN_IDENTITY[sdk=iphoneos*]" = "iPhone Developer";
				GCC_C_LANGUAGE_STANDARD = c99;
				GCC_WARN_ABOUT_RETURN_TYPE = YES;
				GCC_WARN_UNUSED_VARIABLE = YES;
				HEADER_SEARCH_PATHS = ../../include;
				IPHONEOS_DEPLOYMENT_TARGET = 3.1.2;
				PREBINDING = NO;
				RUN_CLANG_STATIC_ANALYZER = YES;
				SDKROOT = iphoneos4.0;
			};
			name = Debug;
		};
		C01FCF5008A954540054247B /* Release */ = {
			isa = XCBuildConfiguration;
			buildSettings = {
				ARCHS = "$(ARCHS_STANDARD_32_BIT)";
				"CODE_SIGN_IDENTITY[sdk=iphoneos*]" = "iPhone Developer";
				GCC_C_LANGUAGE_STANDARD = c99;
				GCC_WARN_ABOUT_RETURN_TYPE = YES;
				GCC_WARN_UNUSED_VARIABLE = YES;
				HEADER_SEARCH_PATHS = ../../include;
				PREBINDING = NO;
				SDKROOT = iphoneos4.0;
			};
			name = Release;
		};
		DC1C8DF010DAAED5004C0F9E /* AdHoc */ = {
			isa = XCBuildConfiguration;
			buildSettings = {
				ARCHS = "$(ARCHS_STANDARD_32_BIT)";
				"CODE_SIGN_IDENTITY[sdk=iphoneos*]" = "iPhone Distribution";
				GCC_C_LANGUAGE_STANDARD = c99;
				GCC_PREPROCESSOR_DEFINITIONS = "NDEBUG=1";
				GCC_WARN_ABOUT_RETURN_TYPE = YES;
				GCC_WARN_UNUSED_VARIABLE = YES;
				HEADER_SEARCH_PATHS = ../../include;
				PREBINDING = NO;
				"PROVISIONING_PROFILE[sdk=iphoneos*]" = "";
				SDKROOT = iphoneos4.0;
			};
			name = AdHoc;
		};
		DC1C8DF110DAAED5004C0F9E /* AdHoc */ = {
			isa = XCBuildConfiguration;
			buildSettings = {
				ALWAYS_SEARCH_USER_PATHS = NO;
				CODE_SIGN_ENTITLEMENTS = entitlements.plist;
				COPY_PHASE_STRIP = YES;
				GCC_PRECOMPILE_PREFIX_HEADER = YES;
				GCC_PREFIX_HEADER = prefix.pch;
				INFOPLIST_FILE = readertest.plist;
				PRODUCT_NAME = readertest;
			};
			name = AdHoc;
		};
/* End XCBuildConfiguration section */

/* Begin XCConfigurationList section */
		1D6058960D05DD3E006BFB54 /* Build configuration list for PBXNativeTarget "readertest" */ = {
			isa = XCConfigurationList;
			buildConfigurations = (
				1D6058940D05DD3E006BFB54 /* Debug */,
				1D6058950D05DD3E006BFB54 /* Release */,
				DC1C8DF110DAAED5004C0F9E /* AdHoc */,
			);
			defaultConfigurationIsVisible = 0;
			defaultConfigurationName = Release;
		};
		C01FCF4E08A954540054247B /* Build configuration list for PBXProject "readertest" */ = {
			isa = XCConfigurationList;
			buildConfigurations = (
				C01FCF4F08A954540054247B /* Debug */,
				C01FCF5008A954540054247B /* Release */,
				DC1C8DF010DAAED5004C0F9E /* AdHoc */,
			);
			defaultConfigurationIsVisible = 0;
			defaultConfigurationName = Release;
		};
/* End XCConfigurationList section */
	};
	rootObject = 29B97313FDCFA39411CA2CEA /* Project object */;
}
